
Microsoft Visual Studio Solution File, Format Version 12.00
# Visual Studio 2013
VisualStudioVersion = 12.0.21005.1
MinimumVisualStudioVersion = 10.0.40219.1
Project("{FAE04EC0-301F-11D3-BF4B-00C04F79EFBC}") = "DlllTest", "DlllTest\DlllTest.csproj", "{0933CCF9-D412-41FD-ADDA-307CAA9BBACE}"
EndProject
Project("{FAE04EC0-301F-11D3-BF4B-00C04F79EFBC}") = "TestDll", "TestDll\TestDll.csproj", "{496BD84E-8C00-4CCE-9333-972B5E303E6D}"
EndProject
Global
	GlobalSection(SolutionConfigurationPlatforms) = preSolution
		Debug|Any CPU = Debug|Any CPU
		Release|Any CPU = Release|Any CPU
	EndGlobalSection
	GlobalSection(ProjectConfigurationPlatforms) = postSolution
		{0933CCF9-D412-41FD-ADDA-307CAA9BBACE}.Debug|Any CPU.ActiveCfg = Debug|Any CPU
		{0933CCF9-D412-41FD-ADDA-307CAA9BBACE}.Debug|Any CPU.Build.0 = Debug|Any CPU
		{0933CCF9-D412-41FD-ADDA-307CAA9BBACE}.Release|Any CPU.ActiveCfg = Release|Any CPU
		{0933CCF9-D412-41FD-ADDA-307CAA9BBACE}.Release|Any CPU.Build.0 = Release|Any CPU
		{496BD84E-8C00-4CCE-9333-972B5E303E6D}.Debug|Any CPU.ActiveCfg = Debug|Any CPU
		{496BD84E-8C00-4CCE-9333-972B5E303E6D}.Debug|Any CPU.Build.0 = Debug|Any CPU
		{496BD84E-8C00-4CCE-9333-972B5E303E6D}.Release|Any CPU.ActiveCfg = Release|Any CPU
		{496BD84E-8C00-4CCE-9333-972B5E303E6D}.Release|Any CPU.Build.0 = Release|Any CPU
	EndGlobalSection
	GlobalSection(SolutionProperties) = preSolution
		HideSolutionNode = FALSE
	EndGlobalSection
EndGlobal
